
Microsoft Visual Studio Solution File, Format Version 12.00
# Visual Studio Version 17
VisualStudioVersion = 17.4.33205.214
MinimumVisualStudioVersion = 10.0.40219.1
Project("{2150E333-8FDC-42A3-9474-1A3956D46DE8}") = "src", "src", "{738E8A44-32EE-4E59-964B-CD1B44FC3C2E}"
EndProject
Project("{9A19103F-16F7-4668-BE54-9A1E7A4F7556}") = "JobStream.API", "src\JobStream.API\JobStream.API.csproj", "{6375257A-634A-4D5D-8709-9706004645D6}"
EndProject
Project("{9A19103F-16F7-4668-BE54-9A1E7A4F7556}") = "JobStream.Core", "src\JobStream.Core\JobStream.Core.csproj", "{97BDCC59-2BF3-47C3-830D-8A938AA3C00A}"
EndProject
Project("{9A19103F-16F7-4668-BE54-9A1E7A4F7556}") = "JobStream.Business", "src\JobStream.Business\JobStream.Business.csproj", "{F1EF6DCB-6624-4279-844C-EAF0693F9F51}"
EndProject
Project("{9A19103F-16F7-4668-BE54-9A1E7A4F7556}") = "JobStream.DataAccess", "src\JobStream.DataAccess\JobStream.DataAccess.csproj", "{6202368D-D102-4DD7-9C7C-6A53770613D7}"
EndProject
Project("{2150E333-8FDC-42A3-9474-1A3956D46DE8}") = "test", "test", "{46A57E5F-A4AC-447C-A335-72A694EED9B5}"
EndProject
Project("{9A19103F-16F7-4668-BE54-9A1E7A4F7556}") = "MsTest", "test\MsTest\MsTest.csproj", "{84933974-FA4C-4238-A0E2-2F66D28B2EBB}"
EndProject
Global
	GlobalSection(SolutionConfigurationPlatforms) = preSolution
		Debug|Any CPU = Debug|Any CPU
		Release|Any CPU = Release|Any CPU
	EndGlobalSection
	GlobalSection(ProjectConfigurationPlatforms) = postSolution
		{6375257A-634A-4D5D-8709-9706004645D6}.Debug|Any CPU.ActiveCfg = Debug|Any CPU
		{6375257A-634A-4D5D-8709-9706004645D6}.Debug|Any CPU.Build.0 = Debug|Any CPU
		{6375257A-634A-4D5D-8709-9706004645D6}.Release|Any CPU.ActiveCfg = Release|Any CPU
		{6375257A-634A-4D5D-8709-9706004645D6}.Release|Any CPU.Build.0 = Release|Any CPU
		{97BDCC59-2BF3-47C3-830D-8A938AA3C00A}.Debug|Any CPU.ActiveCfg = Debug|Any CPU
		{97BDCC59-2BF3-47C3-830D-8A938AA3C00A}.Debug|Any CPU.Build.0 = Debug|Any CPU
		{97BDCC59-2BF3-47C3-830D-8A938AA3C00A}.Release|Any CPU.ActiveCfg = Release|Any CPU
		{97BDCC59-2BF3-47C3-830D-8A938AA3C00A}.Release|Any CPU.Build.0 = Release|Any CPU
		{F1EF6DCB-6624-4279-844C-EAF0693F9F51}.Debug|Any CPU.ActiveCfg = Debug|Any CPU
		{F1EF6DCB-6624-4279-844C-EAF0693F9F51}.Debug|Any CPU.Build.0 = Debug|Any CPU
		{F1EF6DCB-6624-4279-844C-EAF0693F9F51}.Release|Any CPU.ActiveCfg = Release|Any CPU
		{F1EF6DCB-6624-4279-844C-EAF0693F9F51}.Release|Any CPU.Build.0 = Release|Any CPU
		{6202368D-D102-4DD7-9C7C-6A53770613D7}.Debug|Any CPU.ActiveCfg = Debug|Any CPU
		{6202368D-D102-4DD7-9C7C-6A53770613D7}.Debug|Any CPU.Build.0 = Debug|Any CPU
		{6202368D-D102-4DD7-9C7C-6A53770613D7}.Release|Any CPU.ActiveCfg = Release|Any CPU
		{6202368D-D102-4DD7-9C7C-6A53770613D7}.Release|Any CPU.Build.0 = Release|Any CPU
		{84933974-FA4C-4238-A0E2-2F66D28B2EBB}.Debug|Any CPU.ActiveCfg = Debug|Any CPU
		{84933974-FA4C-4238-A0E2-2F66D28B2EBB}.Debug|Any CPU.Build.0 = Debug|Any CPU
		{84933974-FA4C-4238-A0E2-2F66D28B2EBB}.Release|Any CPU.ActiveCfg = Release|Any CPU
		{84933974-FA4C-4238-A0E2-2F66D28B2EBB}.Release|Any CPU.Build.0 = Release|Any CPU
	EndGlobalSection
	GlobalSection(SolutionProperties) = preSolution
		HideSolutionNode = FALSE
	EndGlobalSection
	GlobalSection(NestedProjects) = preSolution
		{6375257A-634A-4D5D-8709-9706004645D6} = {738E8A44-32EE-4E59-964B-CD1B44FC3C2E}
		{97BDCC59-2BF3-47C3-830D-8A938AA3C00A} = {738E8A44-32EE-4E59-964B-CD1B44FC3C2E}
		{F1EF6DCB-6624-4279-844C-EAF0693F9F51} = {738E8A44-32EE-4E59-964B-CD1B44FC3C2E}
		{6202368D-D102-4DD7-9C7C-6A53770613D7} = {738E8A44-32EE-4E59-964B-CD1B44FC3C2E}
		{84933974-FA4C-4238-A0E2-2F66D28B2EBB} = {46A57E5F-A4AC-447C-A335-72A694EED9B5}
	EndGlobalSection
	GlobalSection(ExtensibilityGlobals) = postSolution
		SolutionGuid = {829AAD74-7303-4BF5-84EC-37D1D3F25D85}
	EndGlobalSection
EndGlobal
